// !$*UTF8*$!
{
	archiveVersion = 1;
	classes = {
	};
	objectVersion = 50;
	objects = {

/* Begin PBXBuildFile section */
		80376BDF23DFA6810006672C /* main.cpp in Sources */ = {isa = PBXBuildFile; fileRef = 80376BDE23DFA6810006672C /* main.cpp */; };
		807CA91623FC9F3F004F674C /* Student.cpp in Sources */ = {isa = PBXBuildFile; fileRef = 807CA91423FC9F3F004F674C /* Student.cpp */; };
		807CA91F23FCFB49004F674C /* MyIterator.cpp in Sources */ = {isa = PBXBuildFile; fileRef = 807CA91D23FCFB49004F674C /* MyIterator.cpp */; };
		80F2EF3823F21E9700BEBD94 /* DCircularList.cpp in Sources */ = {isa = PBXBuildFile; fileRef = 80F2EF3623F21E9700BEBD94 /* DCircularList.cpp */; };
/* End PBXBuildFile section */

/* Begin PBXCopyFilesBuildPhase section */
		80376BD923DFA6810006672C /* CopyFiles */ = {
			isa = PBXCopyFilesBuildPhase;
			buildActionMask = 2147483647;
			dstPath = /usr/share/man/man1/;
			dstSubfolderSpec = 0;
			files = (
			);
			runOnlyForDeploymentPostprocessing = 1;
		};
/* End PBXCopyFilesBuildPhase section */

/* Begin PBXFileReference section */
		80376BDB23DFA6810006672C /* CSC311H */ = {isa = PBXFileReference; explicitFileType = "compiled.mach-o.executable"; includeInIndex = 0; path = CSC311H; sourceTree = BUILT_PRODUCTS_DIR; };
		80376BDE23DFA6810006672C /* main.cpp */ = {isa = PBXFileReference; lastKnownFileType = sourcecode.cpp.cpp; path = main.cpp; sourceTree = "<group>"; };
		807CA91423FC9F3F004F674C /* Student.cpp */ = {isa = PBXFileReference; lastKnownFileType = sourcecode.cpp.cpp; path = Student.cpp; sourceTree = "<group>"; };
		807CA91523FC9F3F004F674C /* Student.hpp */ = {isa = PBXFileReference; lastKnownFileType = sourcecode.cpp.h; path = Student.hpp; sourceTree = "<group>"; };
		807CA91D23FCFB49004F674C /* MyIterator.cpp */ = {isa = PBXFileReference; lastKnownFileType = sourcecode.cpp.cpp; path = MyIterator.cpp; sourceTree = "<group>"; };
		807CA91E23FCFB49004F674C /* MyIterator.hpp */ = {isa = PBXFileReference; lastKnownFileType = sourcecode.cpp.h; path = MyIterator.hpp; sourceTree = "<group>"; };
		80F2EF3623F21E9700BEBD94 /* DCircularList.cpp */ = {isa = PBXFileReference; lastKnownFileType = sourcecode.cpp.cpp; path = DCircularList.cpp; sourceTree = "<group>"; };
		80F2EF3723F21E9700BEBD94 /* DCircularList.hpp */ = {isa = PBXFileReference; lastKnownFileType = sourcecode.cpp.h; path = DCircularList.hpp; sourceTree = "<group>"; };
/* End PBXFileReference section */

/* Begin PBXFrameworksBuildPhase section */
		80376BD823DFA6810006672C /* Frameworks */ = {
			isa = PBXFrameworksBuildPhase;
			buildActionMask = 2147483647;
			files = (
			);
			runOnlyForDeploymentPostprocessing = 0;
		};
/* End PBXFrameworksBuildPhase section */

/* Begin PBXGroup section */
		80376BD223DFA6810006672C = {
			isa = PBXGroup;
			children = (
				80376BDD23DFA6810006672C /* CSC311H */,
				80376BDC23DFA6810006672C /* Products */,
			);
			sourceTree = "<group>";
		};
		80376BDC23DFA6810006672C /* Products */ = {
			isa = PBXGroup;
			children = (
				80376BDB23DFA6810006672C /* CSC311H */,
			);
			name = Products;
			sourceTree = "<group>";
		};
		80376BDD23DFA6810006672C /* CSC311H */ = {
			isa = PBXGroup;
			children = (
				80376BDE23DFA6810006672C /* main.cpp */,
				80F2EF3623F21E9700BEBD94 /* DCircularList.cpp */,
				80F2EF3723F21E9700BEBD94 /* DCircularList.hpp */,
				807CA91423FC9F3F004F674C /* Student.cpp */,
				807CA91523FC9F3F004F674C /* Student.hpp */,
				807CA91D23FCFB49004F674C /* MyIterator.cpp */,
				807CA91E23FCFB49004F674C /* MyIterator.hpp */,
			);
			path = CSC311H;
			sourceTree = "<group>";
		};
/* End PBXGroup section */

/* Begin PBXNativeTarget section */
		80376BDA23DFA6810006672C /* CSC311H */ = {
			isa = PBXNativeTarget;
			buildConfigurationList = 80376BE223DFA6810006672C /* Build configuration list for PBXNativeTarget "CSC311H" */;
			buildPhases = (
				80376BD723DFA6810006672C /* Sources */,
				80376BD823DFA6810006672C /* Frameworks */,
				80376BD923DFA6810006672C /* CopyFiles */,
			);
			buildRules = (
			);
			dependencies = (
			);
			name = CSC311H;
			productName = CSC311H;
			productReference = 80376BDB23DFA6810006672C /* CSC311H */;
			productType = "com.apple.product-type.tool";
		};
/* End PBXNativeTarget section */

/* Begin PBXProject section */
		80376BD323DFA6810006672C /* Project object */ = {
			isa = PBXProject;
			attributes = {
				LastUpgradeCheck = 1130;
				ORGANIZATIONNAME = BMCC;
				TargetAttributes = {
					80376BDA23DFA6810006672C = {
						CreatedOnToolsVersion = 11.3.1;
					};
				};
			};
			buildConfigurationList = 80376BD623DFA6810006672C /* Build configuration list for PBXProject "CSC311H" */;
			compatibilityVersion = "Xcode 9.3";
			developmentRegion = en;
			hasScannedForEncodings = 0;
			knownRegions = (
				en,
				Base,
			);
			mainGroup = 80376BD223DFA6810006672C;
			productRefGroup = 80376BDC23DFA6810006672C /* Products */;
			projectDirPath = "";
			projectRoot = "";
			targets = (
				80376BDA23DFA6810006672C /* CSC311H */,
			);
		};
/* End PBXProject section */

/* Begin PBXSourcesBuildPhase section */
		80376BD723DFA6810006672C /* Sources */ = {
			isa = PBXSourcesBuildPhase;
			buildActionMask = 2147483647;
			files = (
				807CA91623FC9F3F004F674C /* Student.cpp in Sources */,
				80376BDF23DFA6810006672C /* main.cpp in Sources */,
				80F2EF3823F21E9700BEBD94 /* DCircularList.cpp in Sources */,
				807CA91F23FCFB49004F674C /* MyIterator.cpp in Sources */,
			);
			runOnlyForDeploymentPostprocessing = 0;
		};
/* End PBXSourcesBuildPhase section */

/* Begin XCBuildConfiguration section */
		80376BE023DFA6810006672C /* Debug */ = {
			isa = XCBuildConfiguration;
			buildSettings = {
				ALWAYS_SEARCH_USER_PATHS = NO;
				CLANG_ANALYZER_NONNULL = YES;
				CLANG_ANALYZER_NUMBER_OBJECT_CONVERSION = YES_AGGRESSIVE;
				CLANG_CXX_LANGUAGE_STANDARD = "gnu++14";
				CLANG_CXX_LIBRARY = "libc++";
				CLANG_ENABLE_MODULES = YES;
				CLANG_ENABLE_OBJC_ARC = YES;
				CLANG_ENABLE_OBJC_WEAK = YES;
				CLANG_WARN_BLOCK_CAPTURE_AUTORELEASING = YES;
				CLANG_WARN_BOOL_CONVERSION = YES;
				CLANG_WARN_COMMA = YES;
				CLANG_WARN_CONSTANT_CONVERSION = YES;
				CLANG_WARN_DEPRECATED_OBJC_IMPLEMENTATIONS = YES;
				CLANG_WARN_DIRECT_OBJC_ISA_USAGE = YES_ERROR;
				CLANG_WARN_DOCUMENTATION_COMMENTS = YES;
				CLANG_WARN_EMPTY_BODY = YES;
				CLANG_WARN_ENUM_CONVERSION = YES;
				CLANG_WARN_INFINITE_RECURSION = YES;
				CLANG_WARN_INT_CONVERSION = YES;
				CLANG_WARN_NON_LITERAL_NULL_CONVERSION = YES;
				CLANG_WARN_OBJC_IMPLICIT_RETAIN_SELF = YES;
				CLANG_WARN_OBJC_LITERAL_CONVERSION = YES;
				CLANG_WARN_OBJC_ROOT_CLASS = YES_ERROR;
				CLANG_WARN_RANGE_LOOP_ANALYSIS = YES;
				CLANG_WARN_STRICT_PROTOTYPES = YES;
				CLANG_WARN_SUSPICIOUS_MOVE = YES;
				CLANG_WARN_UNGUARDED_AVAILABILITY = YES_AGGRESSIVE;
				CLANG_WARN_UNREACHABLE_CODE = YES;
				CLANG_WARN__DUPLICATE_METHOD_MATCH = YES;
				COPY_PHASE_STRIP = NO;
				DEBUG_INFORMATION_FORMAT = dwarf;
				ENABLE_STRICT_OBJC_MSGSEND = YES;
				ENABLE_TESTABILITY = YES;
				GCC_C_LANGUAGE_STANDARD = gnu11;
				GCC_DYNAMIC_NO_PIC = NO;
				GCC_NO_COMMON_BLOCKS = YES;
				GCC_OPTIMIZATION_LEVEL = 0;
				GCC_PREPROCESSOR_DEFINITIONS = (
					"DEBUG=1",
					"$(inherited)",
				);
				GCC_WARN_64_TO_32_BIT_CONVERSION = YES;
				GCC_WARN_ABOUT_RETURN_TYPE = YES_ERROR;
				GCC_WARN_UNDECLARED_SELECTOR = YES;
				GCC_WARN_UNINITIALIZED_AUTOS = YES_AGGRESSIVE;
				GCC_WARN_UNUSED_FUNCTION = YES;
				GCC_WARN_UNUSED_VARIABLE = YES;
				MACOSX_DEPLOYMENT_TARGET = 10.14;
				MTL_ENABLE_DEBUG_INFO = INCLUDE_SOURCE;
				MTL_FAST_MATH = YES;
				ONLY_ACTIVE_ARCH = YES;
				SDKROOT = macosx;
			};
			name = Debug;
		};
		80376BE123DFA6810006672C /* Release */ = {
			isa = XCBuildConfiguration;
			buildSettings = {
				ALWAYS_SEARCH_USER_PATHS = NO;
				CLANG_ANALYZER_NONNULL = YES;
				CLANG_ANALYZER_NUMBER_OBJECT_CONVERSION = YES_AGGRESSIVE;
				CLANG_CXX_LANGUAGE_STANDARD = "gnu++14";
				CLANG_CXX_LIBRARY = "libc++";
				CLANG_ENABLE_MODULES = YES;
				CLANG_ENABLE_OBJC_ARC = YES;
				CLANG_ENABLE_OBJC_WEAK = YES;
				CLANG_WARN_BLOCK_CAPTURE_AUTORELEASING = YES;
				CLANG_WARN_BOOL_CONVERSION = YES;
				CLANG_WARN_COMMA = YES;
				CLANG_WARN_CONSTANT_CONVERSION = YES;
				CLANG_WARN_DEPRECATED_OBJC_IMPLEMENTATIONS = YES;
				CLANG_WARN_DIRECT_OBJC_ISA_USAGE = YES_ERROR;
				CLANG_WARN_DOCUMENTATION_COMMENTS = YES;
				CLANG_WARN_EMPTY_BODY = YES;
				CLANG_WARN_ENUM_CONVERSION = YES;
				CLANG_WARN_INFINITE_RECURSION = YES;
				CLANG_WARN_INT_CONVERSION = YES;
				CLANG_WARN_NON_LITERAL_NULL_CONVERSION = YES;
				CLANG_WARN_OBJC_IMPLICIT_RETAIN_SELF = YES;
				CLANG_WARN_OBJC_LITERAL_CONVERSION = YES;
				CLANG_WARN_OBJC_ROOT_CLASS = YES_ERROR;
				CLANG_WARN_RANGE_LOOP_ANALYSIS = YES;
				CLANG_WARN_STRICT_PROTOTYPES = YES;
				CLANG_WARN_SUSPICIOUS_MOVE = YES;
				CLANG_WARN_UNGUARDED_AVAILABILITY = YES_AGGRESSIVE;
				CLANG_WARN_UNREACHABLE_CODE = YES;
				CLANG_WARN__DUPLICATE_METHOD_MATCH = YES;
				COPY_PHASE_STRIP = NO;
				DEBUG_INFORMATION_FORMAT = "dwarf-with-dsym";
				ENABLE_NS_ASSERTIONS = NO;
				ENABLE_STRICT_OBJC_MSGSEND = YES;
				GCC_C_LANGUAGE_STANDARD = gnu11;
				GCC_NO_COMMON_BLOCKS = YES;
				GCC_WARN_64_TO_32_BIT_CONVERSION = YES;
				GCC_WARN_ABOUT_RETURN_TYPE = YES_ERROR;
				GCC_WARN_UNDECLARED_SELECTOR = YES;
				GCC_WARN_UNINITIALIZED_AUTOS = YES_AGGRESSIVE;
				GCC_WARN_UNUSED_FUNCTION = YES;
				GCC_WARN_UNUSED_VARIABLE = YES;
				MACOSX_DEPLOYMENT_TARGET = 10.14;
				MTL_ENABLE_DEBUG_INFO = NO;
				MTL_FAST_MATH = YES;
				SDKROOT = macosx;
			};
			name = Release;
		};
		80376BE323DFA6810006672C /* Debug */ = {
			isa = XCBuildConfiguration;
			buildSettings = {
				CODE_SIGN_STYLE = Automatic;
				DEVELOPMENT_TEAM = 7299JK326U;
				ENABLE_HARDENED_RUNTIME = YES;
				PRODUCT_NAME = "$(TARGET_NAME)";
			};
			name = Debug;
		};
		80376BE423DFA6810006672C /* Release */ = {
			isa = XCBuildConfiguration;
			buildSettings = {
				CODE_SIGN_STYLE = Automatic;
				DEVELOPMENT_TEAM = 7299JK326U;
				ENABLE_HARDENED_RUNTIME = YES;
				PRODUCT_NAME = "$(TARGET_NAME)";
			};
			name = Release;
		};
/* End XCBuildConfiguration section */

/* Begin XCConfigurationList section */
		80376BD623DFA6810006672C /* Build configuration list for PBXProject "CSC311H" */ = {
			isa = XCConfigurationList;
			buildConfigurations = (
				80376BE023DFA6810006672C /* Debug */,
				80376BE123DFA6810006672C /* Release */,
			);
			defaultConfigurationIsVisible = 0;
			defaultConfigurationName = Release;
		};
		80376BE223DFA6810006672C /* Build configuration list for PBXNativeTarget "CSC311H" */ = {
			isa = XCConfigurationList;
			buildConfigurations = (
				80376BE323DFA6810006672C /* Debug */,
				80376BE423DFA6810006672C /* Release */,
			);
			defaultConfigurationIsVisible = 0;
			defaultConfigurationName = Release;
		};
/* End XCConfigurationList section */
	};
	rootObject = 80376BD323DFA6810006672C /* Project object */;
}
